// !$*UTF8*$!
{
	archiveVersion = 1;
	classes = {
	};
	objectVersion = 50;
	objects = {

/* Begin PBXBuildFile section */
		2485A21428C8E26C00A50BF9 /* Constants.swift in Sources */ = {isa = PBXBuildFile; fileRef = 2485A21328C8E26C00A50BF9 /* Constants.swift */; };
		2485A21C28C8ED2300A50BF9 /* Localizable.strings in Resources */ = {isa = PBXBuildFile; fileRef = 2485A21B28C8ED2300A50BF9 /* Localizable.strings */; };
		2485A21F28C8F0E300A50BF9 /* Extension.swift in Sources */ = {isa = PBXBuildFile; fileRef = 2485A21E28C8F0E300A50BF9 /* Extension.swift */; };
		2485A22128C900E100A50BF9 /* WeatherForeCastCell.swift in Sources */ = {isa = PBXBuildFile; fileRef = 2485A22028C900E100A50BF9 /* WeatherForeCastCell.swift */; };
		2485A22328C9156000A50BF9 /* ForecastWeatherModel.swift in Sources */ = {isa = PBXBuildFile; fileRef = 2485A22228C9156000A50BF9 /* ForecastWeatherModel.swift */; };
		BB4B7D88257642730029A1F4 /* AppDelegate.swift in Sources */ = {isa = PBXBuildFile; fileRef = BB4B7D87257642730029A1F4 /* AppDelegate.swift */; };
		BB4B7D8C257642730029A1F4 /* WeatherViewController.swift in Sources */ = {isa = PBXBuildFile; fileRef = BB4B7D8B257642730029A1F4 /* WeatherViewController.swift */; };
		BB4B7D92257642730029A1F4 /* Clima.xcdatamodeld in Sources */ = {isa = PBXBuildFile; fileRef = BB4B7D90257642730029A1F4 /* Clima.xcdatamodeld */; };
		BB4B7D94257642730029A1F4 /* Assets.xcassets in Resources */ = {isa = PBXBuildFile; fileRef = BB4B7D93257642730029A1F4 /* Assets.xcassets */; };
		BB4B7D97257642730029A1F4 /* LaunchScreen.storyboard in Resources */ = {isa = PBXBuildFile; fileRef = BB4B7D95257642730029A1F4 /* LaunchScreen.storyboard */; };
		BB4B7DA2257642730029A1F4 /* ClimaTests.swift in Sources */ = {isa = PBXBuildFile; fileRef = BB4B7DA1257642730029A1F4 /* ClimaTests.swift */; };
		BB4B7DAD257642730029A1F4 /* ClimaUITests.swift in Sources */ = {isa = PBXBuildFile; fileRef = BB4B7DAC257642730029A1F4 /* ClimaUITests.swift */; };
		BB5BC4992588A5C50026B036 /* WeatherModel.swift in Sources */ = {isa = PBXBuildFile; fileRef = BB5BC4982588A5C50026B036 /* WeatherModel.swift */; };
		BBBEEE6C25878511003925DA /* WeatherManager.swift in Sources */ = {isa = PBXBuildFile; fileRef = BBBEEE6B25878511003925DA /* WeatherManager.swift */; };
		BBBEEE742587896F003925DA /* CurrentWeatherAPIModel.swift in Sources */ = {isa = PBXBuildFile; fileRef = BBBEEE732587896F003925DA /* CurrentWeatherAPIModel.swift */; };
		BBFA3B4C25778C7300D65A08 /* WeatherViewHeaderCell.swift in Sources */ = {isa = PBXBuildFile; fileRef = BBFA3B4B25778C7300D65A08 /* WeatherViewHeaderCell.swift */; };
/* End PBXBuildFile section */

/* Begin PBXContainerItemProxy section */
		BB4B7D9E257642730029A1F4 /* PBXContainerItemProxy */ = {
			isa = PBXContainerItemProxy;
			containerPortal = BB4B7D7C257642720029A1F4 /* Project object */;
			proxyType = 1;
			remoteGlobalIDString = BB4B7D83257642730029A1F4;
			remoteInfo = Clima;
		};
		BB4B7DA9257642730029A1F4 /* PBXContainerItemProxy */ = {
			isa = PBXContainerItemProxy;
			containerPortal = BB4B7D7C257642720029A1F4 /* Project object */;
			proxyType = 1;
			remoteGlobalIDString = BB4B7D83257642730029A1F4;
			remoteInfo = Clima;
		};
/* End PBXContainerItemProxy section */

/* Begin PBXFileReference section */
		2485A21328C8E26C00A50BF9 /* Constants.swift */ = {isa = PBXFileReference; lastKnownFileType = sourcecode.swift; path = Constants.swift; sourceTree = "<group>"; };
		2485A21B28C8ED2300A50BF9 /* Localizable.strings */ = {isa = PBXFileReference; lastKnownFileType = text.plist.strings; path = Localizable.strings; sourceTree = "<group>"; };
		2485A21E28C8F0E300A50BF9 /* Extension.swift */ = {isa = PBXFileReference; lastKnownFileType = sourcecode.swift; path = Extension.swift; sourceTree = "<group>"; };
		2485A22028C900E100A50BF9 /* WeatherForeCastCell.swift */ = {isa = PBXFileReference; lastKnownFileType = sourcecode.swift; path = WeatherForeCastCell.swift; sourceTree = "<group>"; };
		2485A22228C9156000A50BF9 /* ForecastWeatherModel.swift */ = {isa = PBXFileReference; lastKnownFileType = sourcecode.swift; path = ForecastWeatherModel.swift; sourceTree = "<group>"; };
		BB4B7D84257642730029A1F4 /* Clima.app */ = {isa = PBXFileReference; explicitFileType = wrapper.application; includeInIndex = 0; path = Clima.app; sourceTree = BUILT_PRODUCTS_DIR; };
		BB4B7D87257642730029A1F4 /* AppDelegate.swift */ = {isa = PBXFileReference; lastKnownFileType = sourcecode.swift; path = AppDelegate.swift; sourceTree = "<group>"; };
		BB4B7D8B257642730029A1F4 /* WeatherViewController.swift */ = {isa = PBXFileReference; lastKnownFileType = sourcecode.swift; path = WeatherViewController.swift; sourceTree = "<group>"; };
		BB4B7D91257642730029A1F4 /* Clima.xcdatamodel */ = {isa = PBXFileReference; lastKnownFileType = wrapper.xcdatamodel; path = Clima.xcdatamodel; sourceTree = "<group>"; };
		BB4B7D93257642730029A1F4 /* Assets.xcassets */ = {isa = PBXFileReference; lastKnownFileType = folder.assetcatalog; path = Assets.xcassets; sourceTree = "<group>"; };
		BB4B7D96257642730029A1F4 /* Base */ = {isa = PBXFileReference; lastKnownFileType = file.storyboard; name = Base; path = Base.lproj/LaunchScreen.storyboard; sourceTree = "<group>"; };
		BB4B7D98257642730029A1F4 /* Info.plist */ = {isa = PBXFileReference; lastKnownFileType = text.plist.xml; path = Info.plist; sourceTree = "<group>"; };
		BB4B7D9D257642730029A1F4 /* ClimaTests.xctest */ = {isa = PBXFileReference; explicitFileType = wrapper.cfbundle; includeInIndex = 0; path = ClimaTests.xctest; sourceTree = BUILT_PRODUCTS_DIR; };
		BB4B7DA1257642730029A1F4 /* ClimaTests.swift */ = {isa = PBXFileReference; lastKnownFileType = sourcecode.swift; path = ClimaTests.swift; sourceTree = "<group>"; };
		BB4B7DA3257642730029A1F4 /* Info.plist */ = {isa = PBXFileReference; lastKnownFileType = text.plist.xml; path = Info.plist; sourceTree = "<group>"; };
		BB4B7DA8257642730029A1F4 /* ClimaUITests.xctest */ = {isa = PBXFileReference; explicitFileType = wrapper.cfbundle; includeInIndex = 0; path = ClimaUITests.xctest; sourceTree = BUILT_PRODUCTS_DIR; };
		BB4B7DAC257642730029A1F4 /* ClimaUITests.swift */ = {isa = PBXFileReference; lastKnownFileType = sourcecode.swift; path = ClimaUITests.swift; sourceTree = "<group>"; };
		BB4B7DAE257642730029A1F4 /* Info.plist */ = {isa = PBXFileReference; lastKnownFileType = text.plist.xml; path = Info.plist; sourceTree = "<group>"; };
		BB5BC4982588A5C50026B036 /* WeatherModel.swift */ = {isa = PBXFileReference; lastKnownFileType = sourcecode.swift; path = WeatherModel.swift; sourceTree = "<group>"; };
		BBBEEE6B25878511003925DA /* WeatherManager.swift */ = {isa = PBXFileReference; lastKnownFileType = sourcecode.swift; path = WeatherManager.swift; sourceTree = "<group>"; };
		BBBEEE732587896F003925DA /* CurrentWeatherAPIModel.swift */ = {isa = PBXFileReference; lastKnownFileType = sourcecode.swift; path = CurrentWeatherAPIModel.swift; sourceTree = "<group>"; };
		BBFA3B4B25778C7300D65A08 /* WeatherViewHeaderCell.swift */ = {isa = PBXFileReference; lastKnownFileType = sourcecode.swift; path = WeatherViewHeaderCell.swift; sourceTree = "<group>"; };
/* End PBXFileReference section */

/* Begin PBXFrameworksBuildPhase section */
		BB4B7D81257642730029A1F4 /* Frameworks */ = {
			isa = PBXFrameworksBuildPhase;
			buildActionMask = 2147483647;
			files = (
			);
			runOnlyForDeploymentPostprocessing = 0;
		};
		BB4B7D9A257642730029A1F4 /* Frameworks */ = {
			isa = PBXFrameworksBuildPhase;
			buildActionMask = 2147483647;
			files = (
			);
			runOnlyForDeploymentPostprocessing = 0;
		};
		BB4B7DA5257642730029A1F4 /* Frameworks */ = {
			isa = PBXFrameworksBuildPhase;
			buildActionMask = 2147483647;
			files = (
			);
			runOnlyForDeploymentPostprocessing = 0;
		};
/* End PBXFrameworksBuildPhase section */

/* Begin PBXGroup section */
		2485A21228C8E26100A50BF9 /* Resources */ = {
			isa = PBXGroup;
			children = (
				BB4B7D98257642730029A1F4 /* Info.plist */,
				2485A21828C8E4D300A50BF9 /* ClimaCoreData */,
				2485A21628C8E43B00A50BF9 /* Assets */,
				2485A21A28C8ED0D00A50BF9 /* Localization */,
			);
			path = Resources;
			sourceTree = "<group>";
		};
		2485A21528C8E3A200A50BF9 /* WeatherManager */ = {
			isa = PBXGroup;
			children = (
				BBBEEE6B25878511003925DA /* WeatherManager.swift */,
			);
			path = WeatherManager;
			sourceTree = "<group>";
		};
		2485A21628C8E43B00A50BF9 /* Assets */ = {
			isa = PBXGroup;
			children = (
				BB4B7D93257642730029A1F4 /* Assets.xcassets */,
			);
			path = Assets;
			sourceTree = "<group>";
		};
		2485A21728C8E4B500A50BF9 /* Main */ = {
			isa = PBXGroup;
			children = (
				BB4B7D87257642730029A1F4 /* AppDelegate.swift */,
			);
			path = Main;
			sourceTree = "<group>";
		};
		2485A21828C8E4D300A50BF9 /* ClimaCoreData */ = {
			isa = PBXGroup;
			children = (
				BB4B7D90257642730029A1F4 /* Clima.xcdatamodeld */,
			);
			path = ClimaCoreData;
			sourceTree = "<group>";
		};
		2485A21A28C8ED0D00A50BF9 /* Localization */ = {
			isa = PBXGroup;
			children = (
				2485A21B28C8ED2300A50BF9 /* Localizable.strings */,
			);
			path = Localization;
			sourceTree = "<group>";
		};
		2485A21D28C8ED3600A50BF9 /* ClassResources */ = {
			isa = PBXGroup;
			children = (
				2485A21328C8E26C00A50BF9 /* Constants.swift */,
				2485A21E28C8F0E300A50BF9 /* Extension.swift */,
			);
			path = ClassResources;
			sourceTree = "<group>";
		};
		BB4B7D7B257642720029A1F4 = {
			isa = PBXGroup;
			children = (
				BB4B7D86257642730029A1F4 /* Clima */,
				BB4B7DA0257642730029A1F4 /* ClimaTests */,
				BB4B7DAB257642730029A1F4 /* ClimaUITests */,
				BB4B7D85257642730029A1F4 /* Products */,
			);
			sourceTree = "<group>";
		};
		BB4B7D85257642730029A1F4 /* Products */ = {
			isa = PBXGroup;
			children = (
				BB4B7D84257642730029A1F4 /* Clima.app */,
				BB4B7D9D257642730029A1F4 /* ClimaTests.xctest */,
				BB4B7DA8257642730029A1F4 /* ClimaUITests.xctest */,
			);
			name = Products;
			sourceTree = "<group>";
		};
		BB4B7D86257642730029A1F4 /* Clima */ = {
			isa = PBXGroup;
			children = (
				BB4B7D95257642730029A1F4 /* LaunchScreen.storyboard */,
				BBBEEE6A258784FB003925DA /* Models */,
				BBBEEE8025878EB8003925DA /* Views */,
				BBBEEE8425878EC1003925DA /* Controllers */,
				2485A21528C8E3A200A50BF9 /* WeatherManager */,
				2485A21728C8E4B500A50BF9 /* Main */,
				2485A21228C8E26100A50BF9 /* Resources */,
				2485A21D28C8ED3600A50BF9 /* ClassResources */,
			);
			path = Clima;
			sourceTree = "<group>";
		};
		BB4B7DA0257642730029A1F4 /* ClimaTests */ = {
			isa = PBXGroup;
			children = (
				BB4B7DA1257642730029A1F4 /* ClimaTests.swift */,
				BB4B7DA3257642730029A1F4 /* Info.plist */,
			);
			path = ClimaTests;
			sourceTree = "<group>";
		};
		BB4B7DAB257642730029A1F4 /* ClimaUITests */ = {
			isa = PBXGroup;
			children = (
				BB4B7DAC257642730029A1F4 /* ClimaUITests.swift */,
				BB4B7DAE257642730029A1F4 /* Info.plist */,
			);
			path = ClimaUITests;
			sourceTree = "<group>";
		};
		BBBEEE6A258784FB003925DA /* Models */ = {
			isa = PBXGroup;
			children = (
				BBBEEE732587896F003925DA /* CurrentWeatherAPIModel.swift */,
				BB5BC4982588A5C50026B036 /* WeatherModel.swift */,
				2485A22228C9156000A50BF9 /* ForecastWeatherModel.swift */,
			);
			path = Models;
			sourceTree = "<group>";
		};
		BBBEEE8025878EB8003925DA /* Views */ = {
			isa = PBXGroup;
			children = (
				BBFA3B4B25778C7300D65A08 /* WeatherViewHeaderCell.swift */,
				2485A22028C900E100A50BF9 /* WeatherForeCastCell.swift */,
			);
			path = Views;
			sourceTree = "<group>";
		};
		BBBEEE8425878EC1003925DA /* Controllers */ = {
			isa = PBXGroup;
			children = (
				BB4B7D8B257642730029A1F4 /* WeatherViewController.swift */,
			);
			path = Controllers;
			sourceTree = "<group>";
		};
/* End PBXGroup section */

/* Begin PBXNativeTarget section */
		BB4B7D83257642730029A1F4 /* Clima */ = {
			isa = PBXNativeTarget;
			buildConfigurationList = BB4B7DB1257642730029A1F4 /* Build configuration list for PBXNativeTarget "Clima" */;
			buildPhases = (
				BB4B7D80257642730029A1F4 /* Sources */,
				BB4B7D81257642730029A1F4 /* Frameworks */,
				BB4B7D82257642730029A1F4 /* Resources */,
			);
			buildRules = (
			);
			dependencies = (
			);
			name = Clima;
			productName = Clima;
			productReference = BB4B7D84257642730029A1F4 /* Clima.app */;
			productType = "com.apple.product-type.application";
		};
		BB4B7D9C257642730029A1F4 /* ClimaTests */ = {
			isa = PBXNativeTarget;
			buildConfigurationList = BB4B7DB4257642730029A1F4 /* Build configuration list for PBXNativeTarget "ClimaTests" */;
			buildPhases = (
				BB4B7D99257642730029A1F4 /* Sources */,
				BB4B7D9A257642730029A1F4 /* Frameworks */,
				BB4B7D9B257642730029A1F4 /* Resources */,
			);
			buildRules = (
			);
			dependencies = (
				BB4B7D9F257642730029A1F4 /* PBXTargetDependency */,
			);
			name = ClimaTests;
			productName = ClimaTests;
			productReference = BB4B7D9D257642730029A1F4 /* ClimaTests.xctest */;
			productType = "com.apple.product-type.bundle.unit-test";
		};
		BB4B7DA7257642730029A1F4 /* ClimaUITests */ = {
			isa = PBXNativeTarget;
			buildConfigurationList = BB4B7DB7257642730029A1F4 /* Build configuration list for PBXNativeTarget "ClimaUITests" */;
			buildPhases = (
				BB4B7DA4257642730029A1F4 /* Sources */,
				BB4B7DA5257642730029A1F4 /* Frameworks */,
				BB4B7DA6257642730029A1F4 /* Resources */,
			);
			buildRules = (
			);
			dependencies = (
				BB4B7DAA257642730029A1F4 /* PBXTargetDependency */,
			);
			name = ClimaUITests;
			productName = ClimaUITests;
			productReference = BB4B7DA8257642730029A1F4 /* ClimaUITests.xctest */;
			productType = "com.apple.product-type.bundle.ui-testing";
		};
/* End PBXNativeTarget section */

/* Begin PBXProject section */
		BB4B7D7C257642720029A1F4 /* Project object */ = {
			isa = PBXProject;
			attributes = {
				LastSwiftUpdateCheck = 1220;
				LastUpgradeCheck = 1220;
				TargetAttributes = {
					BB4B7D83257642730029A1F4 = {
						CreatedOnToolsVersion = 12.2;
					};
					BB4B7D9C257642730029A1F4 = {
						CreatedOnToolsVersion = 12.2;
						TestTargetID = BB4B7D83257642730029A1F4;
					};
					BB4B7DA7257642730029A1F4 = {
						CreatedOnToolsVersion = 12.2;
						TestTargetID = BB4B7D83257642730029A1F4;
					};
				};
			};
			buildConfigurationList = BB4B7D7F257642720029A1F4 /* Build configuration list for PBXProject "Clima" */;
			compatibilityVersion = "Xcode 9.3";
			developmentRegion = en;
			hasScannedForEncodings = 0;
			knownRegions = (
				en,
				Base,
			);
			mainGroup = BB4B7D7B257642720029A1F4;
			productRefGroup = BB4B7D85257642730029A1F4 /* Products */;
			projectDirPath = "";
			projectRoot = "";
			targets = (
				BB4B7D83257642730029A1F4 /* Clima */,
				BB4B7D9C257642730029A1F4 /* ClimaTests */,
				BB4B7DA7257642730029A1F4 /* ClimaUITests */,
			);
		};
/* End PBXProject section */

/* Begin PBXResourcesBuildPhase section */
		BB4B7D82257642730029A1F4 /* Resources */ = {
			isa = PBXResourcesBuildPhase;
			buildActionMask = 2147483647;
			files = (
				BB4B7D97257642730029A1F4 /* LaunchScreen.storyboard in Resources */,
				2485A21C28C8ED2300A50BF9 /* Localizable.strings in Resources */,
				BB4B7D94257642730029A1F4 /* Assets.xcassets in Resources */,
			);
			runOnlyForDeploymentPostprocessing = 0;
		};
		BB4B7D9B257642730029A1F4 /* Resources */ = {
			isa = PBXResourcesBuildPhase;
			buildActionMask = 2147483647;
			files = (
			);
			runOnlyForDeploymentPostprocessing = 0;
		};
		BB4B7DA6257642730029A1F4 /* Resources */ = {
			isa = PBXResourcesBuildPhase;
			buildActionMask = 2147483647;
			files = (
			);
			runOnlyForDeploymentPostprocessing = 0;
		};
/* End PBXResourcesBuildPhase section */

/* Begin PBXSourcesBuildPhase section */
		BB4B7D80257642730029A1F4 /* Sources */ = {
			isa = PBXSourcesBuildPhase;
			buildActionMask = 2147483647;
			files = (
				2485A21F28C8F0E300A50BF9 /* Extension.swift in Sources */,
				BBFA3B4C25778C7300D65A08 /* WeatherViewHeaderCell.swift in Sources */,
				BB4B7D92257642730029A1F4 /* Clima.xcdatamodeld in Sources */,
				BBBEEE742587896F003925DA /* CurrentWeatherAPIModel.swift in Sources */,
				BBBEEE6C25878511003925DA /* WeatherManager.swift in Sources */,
				2485A22128C900E100A50BF9 /* WeatherForeCastCell.swift in Sources */,
				2485A22328C9156000A50BF9 /* ForecastWeatherModel.swift in Sources */,
				BB4B7D8C257642730029A1F4 /* WeatherViewController.swift in Sources */,
				BB4B7D88257642730029A1F4 /* AppDelegate.swift in Sources */,
				BB5BC4992588A5C50026B036 /* WeatherModel.swift in Sources */,
				2485A21428C8E26C00A50BF9 /* Constants.swift in Sources */,
			);
			runOnlyForDeploymentPostprocessing = 0;
		};
		BB4B7D99257642730029A1F4 /* Sources */ = {
			isa = PBXSourcesBuildPhase;
			buildActionMask = 2147483647;
			files = (
				BB4B7DA2257642730029A1F4 /* ClimaTests.swift in Sources */,
			);
			runOnlyForDeploymentPostprocessing = 0;
		};
		BB4B7DA4257642730029A1F4 /* Sources */ = {
			isa = PBXSourcesBuildPhase;
			buildActionMask = 2147483647;
			files = (
				BB4B7DAD257642730029A1F4 /* ClimaUITests.swift in Sources */,
			);
			runOnlyForDeploymentPostprocessing = 0;
		};
/* End PBXSourcesBuildPhase section */

/* Begin PBXTargetDependency section */
		BB4B7D9F257642730029A1F4 /* PBXTargetDependency */ = {
			isa = PBXTargetDependency;
			target = BB4B7D83257642730029A1F4 /* Clima */;
			targetProxy = BB4B7D9E257642730029A1F4 /* PBXContainerItemProxy */;
		};
		BB4B7DAA257642730029A1F4 /* PBXTargetDependency */ = {
			isa = PBXTargetDependency;
			target = BB4B7D83257642730029A1F4 /* Clima */;
			targetProxy = BB4B7DA9257642730029A1F4 /* PBXContainerItemProxy */;
		};
/* End PBXTargetDependency section */

/* Begin PBXVariantGroup section */
		BB4B7D95257642730029A1F4 /* LaunchScreen.storyboard */ = {
			isa = PBXVariantGroup;
			children = (
				BB4B7D96257642730029A1F4 /* Base */,
			);
			name = LaunchScreen.storyboard;
			sourceTree = "<group>";
		};
/* End PBXVariantGroup section */

/* Begin XCBuildConfiguration section */
		BB4B7DAF257642730029A1F4 /* Debug */ = {
			isa = XCBuildConfiguration;
			buildSettings = {
				ALWAYS_SEARCH_USER_PATHS = NO;
				CLANG_ANALYZER_NONNULL = YES;
				CLANG_ANALYZER_NUMBER_OBJECT_CONVERSION = YES_AGGRESSIVE;
				CLANG_CXX_LANGUAGE_STANDARD = "gnu++14";
				CLANG_CXX_LIBRARY = "libc++";
				CLANG_ENABLE_MODULES = YES;
				CLANG_ENABLE_OBJC_ARC = YES;
				CLANG_ENABLE_OBJC_WEAK = YES;
				CLANG_WARN_BLOCK_CAPTURE_AUTORELEASING = YES;
				CLANG_WARN_BOOL_CONVERSION = YES;
				CLANG_WARN_COMMA = YES;
				CLANG_WARN_CONSTANT_CONVERSION = YES;
				CLANG_WARN_DEPRECATED_OBJC_IMPLEMENTATIONS = YES;
				CLANG_WARN_DIRECT_OBJC_ISA_USAGE = YES_ERROR;
				CLANG_WARN_DOCUMENTATION_COMMENTS = YES;
				CLANG_WARN_EMPTY_BODY = YES;
				CLANG_WARN_ENUM_CONVERSION = YES;
				CLANG_WARN_INFINITE_RECURSION = YES;
				CLANG_WARN_INT_CONVERSION = YES;
				CLANG_WARN_NON_LITERAL_NULL_CONVERSION = YES;
				CLANG_WARN_OBJC_IMPLICIT_RETAIN_SELF = YES;
				CLANG_WARN_OBJC_LITERAL_CONVERSION = YES;
				CLANG_WARN_OBJC_ROOT_CLASS = YES_ERROR;
				CLANG_WARN_QUOTED_INCLUDE_IN_FRAMEWORK_HEADER = YES;
				CLANG_WARN_RANGE_LOOP_ANALYSIS = YES;
				CLANG_WARN_STRICT_PROTOTYPES = YES;
				CLANG_WARN_SUSPICIOUS_MOVE = YES;
				CLANG_WARN_UNGUARDED_AVAILABILITY = YES_AGGRESSIVE;
				CLANG_WARN_UNREACHABLE_CODE = YES;
				CLANG_WARN__DUPLICATE_METHOD_MATCH = YES;
				COPY_PHASE_STRIP = NO;
				DEBUG_INFORMATION_FORMAT = dwarf;
				ENABLE_STRICT_OBJC_MSGSEND = YES;
				ENABLE_TESTABILITY = YES;
				GCC_C_LANGUAGE_STANDARD = gnu11;
				GCC_DYNAMIC_NO_PIC = NO;
				GCC_NO_COMMON_BLOCKS = YES;
				GCC_OPTIMIZATION_LEVEL = 0;
				GCC_PREPROCESSOR_DEFINITIONS = (
					"DEBUG=1",
					"$(inherited)",
				);
				GCC_WARN_64_TO_32_BIT_CONVERSION = YES;
				GCC_WARN_ABOUT_RETURN_TYPE = YES_ERROR;
				GCC_WARN_UNDECLARED_SELECTOR = YES;
				GCC_WARN_UNINITIALIZED_AUTOS = YES_AGGRESSIVE;
				GCC_WARN_UNUSED_FUNCTION = YES;
				GCC_WARN_UNUSED_VARIABLE = YES;
				IPHONEOS_DEPLOYMENT_TARGET = 14.2;
				MTL_ENABLE_DEBUG_INFO = INCLUDE_SOURCE;
				MTL_FAST_MATH = YES;
				ONLY_ACTIVE_ARCH = YES;
				SDKROOT = iphoneos;
				SWIFT_ACTIVE_COMPILATION_CONDITIONS = DEBUG;
				SWIFT_OPTIMIZATION_LEVEL = "-Onone";
			};
			name = Debug;
		};
		BB4B7DB0257642730029A1F4 /* Release */ = {
			isa = XCBuildConfiguration;
			buildSettings = {
				ALWAYS_SEARCH_USER_PATHS = NO;
				CLANG_ANALYZER_NONNULL = YES;
				CLANG_ANALYZER_NUMBER_OBJECT_CONVERSION = YES_AGGRESSIVE;
				CLANG_CXX_LANGUAGE_STANDARD = "gnu++14";
				CLANG_CXX_LIBRARY = "libc++";
				CLANG_ENABLE_MODULES = YES;
				CLANG_ENABLE_OBJC_ARC = YES;
				CLANG_ENABLE_OBJC_WEAK = YES;
				CLANG_WARN_BLOCK_CAPTURE_AUTORELEASING = YES;
				CLANG_WARN_BOOL_CONVERSION = YES;
				CLANG_WARN_COMMA = YES;
				CLANG_WARN_CONSTANT_CONVERSION = YES;
				CLANG_WARN_DEPRECATED_OBJC_IMPLEMENTATIONS = YES;
				CLANG_WARN_DIRECT_OBJC_ISA_USAGE = YES_ERROR;
				CLANG_WARN_DOCUMENTATION_COMMENTS = YES;
				CLANG_WARN_EMPTY_BODY = YES;
				CLANG_WARN_ENUM_CONVERSION = YES;
				CLANG_WARN_INFINITE_RECURSION = YES;
				CLANG_WARN_INT_CONVERSION = YES;
				CLANG_WARN_NON_LITERAL_NULL_CONVERSION = YES;
				CLANG_WARN_OBJC_IMPLICIT_RETAIN_SELF = YES;
				CLANG_WARN_OBJC_LITERAL_CONVERSION = YES;
				CLANG_WARN_OBJC_ROOT_CLASS = YES_ERROR;
				CLANG_WARN_QUOTED_INCLUDE_IN_FRAMEWORK_HEADER = YES;
				CLANG_WARN_RANGE_LOOP_ANALYSIS = YES;
				CLANG_WARN_STRICT_PROTOTYPES = YES;
				CLANG_WARN_SUSPICIOUS_MOVE = YES;
				CLANG_WARN_UNGUARDED_AVAILABILITY = YES_AGGRESSIVE;
				CLANG_WARN_UNREACHABLE_CODE = YES;
				CLANG_WARN__DUPLICATE_METHOD_MATCH = YES;
				COPY_PHASE_STRIP = NO;
				DEBUG_INFORMATION_FORMAT = "dwarf-with-dsym";
				ENABLE_NS_ASSERTIONS = NO;
				ENABLE_STRICT_OBJC_MSGSEND = YES;
				GCC_C_LANGUAGE_STANDARD = gnu11;
				GCC_NO_COMMON_BLOCKS = YES;
				GCC_WARN_64_TO_32_BIT_CONVERSION = YES;
				GCC_WARN_ABOUT_RETURN_TYPE = YES_ERROR;
				GCC_WARN_UNDECLARED_SELECTOR = YES;
				GCC_WARN_UNINITIALIZED_AUTOS = YES_AGGRESSIVE;
				GCC_WARN_UNUSED_FUNCTION = YES;
				GCC_WARN_UNUSED_VARIABLE = YES;
				IPHONEOS_DEPLOYMENT_TARGET = 14.2;
				MTL_ENABLE_DEBUG_INFO = NO;
				MTL_FAST_MATH = YES;
				SDKROOT = iphoneos;
				SWIFT_COMPILATION_MODE = wholemodule;
				SWIFT_OPTIMIZATION_LEVEL = "-O";
				VALIDATE_PRODUCT = YES;
			};
			name = Release;
		};
		BB4B7DB2257642730029A1F4 /* Debug */ = {
			isa = XCBuildConfiguration;
			buildSettings = {
				ASSETCATALOG_COMPILER_APPICON_NAME = AppIcon;
				ASSETCATALOG_COMPILER_GLOBAL_ACCENT_COLOR_NAME = AccentColor;
				CODE_SIGN_STYLE = Automatic;
				DEVELOPMENT_TEAM = BC38Q2W25W;
				INFOPLIST_FILE = Clima/Resources/Info.plist;
				LD_RUNPATH_SEARCH_PATHS = (
					"$(inherited)",
					"@executable_path/Frameworks",
				);
				PRODUCT_BUNDLE_IDENTIFIER = com.dvt.clima;
				PRODUCT_NAME = "$(TARGET_NAME)";
				SWIFT_VERSION = 5.0;
				TARGETED_DEVICE_FAMILY = "1,2";
			};
			name = Debug;
		};
		BB4B7DB3257642730029A1F4 /* Release */ = {
			isa = XCBuildConfiguration;
			buildSettings = {
				ASSETCATALOG_COMPILER_APPICON_NAME = AppIcon;
				ASSETCATALOG_COMPILER_GLOBAL_ACCENT_COLOR_NAME = AccentColor;
				CODE_SIGN_STYLE = Automatic;
				DEVELOPMENT_TEAM = BC38Q2W25W;
				INFOPLIST_FILE = Clima/Resources/Info.plist;
				LD_RUNPATH_SEARCH_PATHS = (
					"$(inherited)",
					"@executable_path/Frameworks",
				);
				PRODUCT_BUNDLE_IDENTIFIER = com.dvt.clima;
				PRODUCT_NAME = "$(TARGET_NAME)";
				SWIFT_VERSION = 5.0;
				TARGETED_DEVICE_FAMILY = "1,2";
			};
			name = Release;
		};
		BB4B7DB5257642730029A1F4 /* Debug */ = {
			isa = XCBuildConfiguration;
			buildSettings = {
				ALWAYS_EMBED_SWIFT_STANDARD_LIBRARIES = YES;
				BUNDLE_LOADER = "$(TEST_HOST)";
				CODE_SIGN_STYLE = Automatic;
				DEVELOPMENT_TEAM = R4YY9C4AFG;
				INFOPLIST_FILE = ClimaTests/Info.plist;
				IPHONEOS_DEPLOYMENT_TARGET = 14.2;
				LD_RUNPATH_SEARCH_PATHS = (
					"$(inherited)",
					"@executable_path/Frameworks",
					"@loader_path/Frameworks",
				);
				PRODUCT_BUNDLE_IDENTIFIER = "github.io-Nicholas.rahnsoft.ClimaTests";
				PRODUCT_NAME = "$(TARGET_NAME)";
				SWIFT_VERSION = 5.0;
				TARGETED_DEVICE_FAMILY = "1,2";
				TEST_HOST = "$(BUILT_PRODUCTS_DIR)/Clima.app/Clima";
			};
			name = Debug;
		};
		BB4B7DB6257642730029A1F4 /* Release */ = {
			isa = XCBuildConfiguration;
			buildSettings = {
				ALWAYS_EMBED_SWIFT_STANDARD_LIBRARIES = YES;
				BUNDLE_LOADER = "$(TEST_HOST)";
				CODE_SIGN_STYLE = Automatic;
				DEVELOPMENT_TEAM = R4YY9C4AFG;
				INFOPLIST_FILE = ClimaTests/Info.plist;
				IPHONEOS_DEPLOYMENT_TARGET = 14.2;
				LD_RUNPATH_SEARCH_PATHS = (
					"$(inherited)",
					"@executable_path/Frameworks",
					"@loader_path/Frameworks",
				);
				PRODUCT_BUNDLE_IDENTIFIER = "github.io-Nicholas.rahnsoft.ClimaTests";
				PRODUCT_NAME = "$(TARGET_NAME)";
				SWIFT_VERSION = 5.0;
				TARGETED_DEVICE_FAMILY = "1,2";
				TEST_HOST = "$(BUILT_PRODUCTS_DIR)/Clima.app/Clima";
			};
			name = Release;
		};
		BB4B7DB8257642730029A1F4 /* Debug */ = {
			isa = XCBuildConfiguration;
			buildSettings = {
				ALWAYS_EMBED_SWIFT_STANDARD_LIBRARIES = YES;
				CODE_SIGN_STYLE = Automatic;
				DEVELOPMENT_TEAM = R4YY9C4AFG;
				INFOPLIST_FILE = ClimaUITests/Info.plist;
				LD_RUNPATH_SEARCH_PATHS = (
					"$(inherited)",
					"@executable_path/Frameworks",
					"@loader_path/Frameworks",
				);
				PRODUCT_BUNDLE_IDENTIFIER = "github.io-Nicholas.rahnsoft.ClimaUITests";
				PRODUCT_NAME = "$(TARGET_NAME)";
				SWIFT_VERSION = 5.0;
				TARGETED_DEVICE_FAMILY = "1,2";
				TEST_TARGET_NAME = Clima;
			};
			name = Debug;
		};
		BB4B7DB9257642730029A1F4 /* Release */ = {
			isa = XCBuildConfiguration;
			buildSettings = {
				ALWAYS_EMBED_SWIFT_STANDARD_LIBRARIES = YES;
				CODE_SIGN_STYLE = Automatic;
				DEVELOPMENT_TEAM = R4YY9C4AFG;
				INFOPLIST_FILE = ClimaUITests/Info.plist;
				LD_RUNPATH_SEARCH_PATHS = (
					"$(inherited)",
					"@executable_path/Frameworks",
					"@loader_path/Frameworks",
				);
				PRODUCT_BUNDLE_IDENTIFIER = "github.io-Nicholas.rahnsoft.ClimaUITests";
				PRODUCT_NAME = "$(TARGET_NAME)";
				SWIFT_VERSION = 5.0;
				TARGETED_DEVICE_FAMILY = "1,2";
				TEST_TARGET_NAME = Clima;
			};
			name = Release;
		};
/* End XCBuildConfiguration section */

/* Begin XCConfigurationList section */
		BB4B7D7F257642720029A1F4 /* Build configuration list for PBXProject "Clima" */ = {
			isa = XCConfigurationList;
			buildConfigurations = (
				BB4B7DAF257642730029A1F4 /* Debug */,
				BB4B7DB0257642730029A1F4 /* Release */,
			);
			defaultConfigurationIsVisible = 0;
			defaultConfigurationName = Release;
		};
		BB4B7DB1257642730029A1F4 /* Build configuration list for PBXNativeTarget "Clima" */ = {
			isa = XCConfigurationList;
			buildConfigurations = (
				BB4B7DB2257642730029A1F4 /* Debug */,
				BB4B7DB3257642730029A1F4 /* Release */,
			);
			defaultConfigurationIsVisible = 0;
			defaultConfigurationName = Release;
		};
		BB4B7DB4257642730029A1F4 /* Build configuration list for PBXNativeTarget "ClimaTests" */ = {
			isa = XCConfigurationList;
			buildConfigurations = (
				BB4B7DB5257642730029A1F4 /* Debug */,
				BB4B7DB6257642730029A1F4 /* Release */,
			);
			defaultConfigurationIsVisible = 0;
			defaultConfigurationName = Release;
		};
		BB4B7DB7257642730029A1F4 /* Build configuration list for PBXNativeTarget "ClimaUITests" */ = {
			isa = XCConfigurationList;
			buildConfigurations = (
				BB4B7DB8257642730029A1F4 /* Debug */,
				BB4B7DB9257642730029A1F4 /* Release */,
			);
			defaultConfigurationIsVisible = 0;
			defaultConfigurationName = Release;
		};
/* End XCConfigurationList section */

/* Begin XCVersionGroup section */
		BB4B7D90257642730029A1F4 /* Clima.xcdatamodeld */ = {
			isa = XCVersionGroup;
			children = (
				BB4B7D91257642730029A1F4 /* Clima.xcdatamodel */,
			);
			currentVersion = BB4B7D91257642730029A1F4 /* Clima.xcdatamodel */;
			path = Clima.xcdatamodeld;
			sourceTree = "<group>";
			versionGroupType = wrapper.xcdatamodel;
		};
/* End XCVersionGroup section */
	};
	rootObject = BB4B7D7C257642720029A1F4 /* Project object */;
}
